
Microsoft Visual Studio Solution File, Format Version 12.00
# Visual Studio 14
VisualStudioVersion = 14.0.25123.0
MinimumVisualStudioVersion = 10.0.40219.1
Project("{2150E333-8FDC-42A3-9474-1A3956D46DE8}") = "Tools", "Tools", "{4418CE83-6C47-426C-AFEB-28D2241E3330}"
EndProject
Project("{2150E333-8FDC-42A3-9474-1A3956D46DE8}") = "Benchmarks", "Benchmarks", "{CF7C6750-5983-47AE-83DD-155A2B0A7828}"
EndProject
Project("{2150E333-8FDC-42A3-9474-1A3956D46DE8}") = "Bitsliced", "Bitsliced", "{E370FF96-EFDA-4EF5-9D9E-6165CF8741BE}"
EndProject
Project("{2150E333-8FDC-42A3-9474-1A3956D46DE8}") = "Reference", "Reference", "{06426189-3432-476B-98D5-38055EB164CE}"
EndProject
Project("{2150E333-8FDC-42A3-9474-1A3956D46DE8}") = "Other", "Other", "{FC0C28A6-EF89-41E2-88B5-1CE7144C578F}"
EndProject
Project("{8BC9CEB8-8B4A-11D0-8D11-00A0C91BC942}") = "Permutation-BS", "Benchmarks\Other\Permutation-BS\Permutation-BS.vcxproj", "{B88F8A37-5651-4359-B285-161228D7A503}"
EndProject
Project("{8BC9CEB8-8B4A-11D0-8D11-00A0C91BC942}") = "Ape120-BS", "Benchmarks\Bitsliced\Ape120-BS\Ape120-BS.vcxproj", "{D3BE4FF4-2C44-4F79-BDC5-E0A4910FE559}"
EndProject
Project("{8BC9CEB8-8B4A-11D0-8D11-00A0C91BC942}") = "Gibbon120-BS", "Benchmarks\Bitsliced\Gibbon120-BS\Gibbon120-BS.vcxproj", "{9A87FA17-01C3-481E-BA7A-4A36E789BF5D}"
EndProject
Project("{8BC9CEB8-8B4A-11D0-8D11-00A0C91BC942}") = "Hanuman120-BS", "Benchmarks\Bitsliced\Hanuman120-BS\Hanuman120-BS.vcxproj", "{9D2B1784-D86B-4FF7-8C9A-15BD01E26D1E}"
EndProject
Project("{8BC9CEB8-8B4A-11D0-8D11-00A0C91BC942}") = "Ape80", "Benchmarks\Reference\Ape80\Ape80.vcxproj", "{CDE34C88-C482-4496-B65D-8C0EACE5CB76}"
EndProject
Project("{8BC9CEB8-8B4A-11D0-8D11-00A0C91BC942}") = "Ape120", "Benchmarks\Reference\Ape120\Ape120.vcxproj", "{FDF48931-F435-4095-8AB2-839D9E13AC80}"
EndProject
Project("{8BC9CEB8-8B4A-11D0-8D11-00A0C91BC942}") = "Gibbon80", "Benchmarks\Reference\Gibbon80\Gibbon80.vcxproj", "{823E4A3E-EC99-4072-B92E-03398F2AAB48}"
EndProject
Project("{8BC9CEB8-8B4A-11D0-8D11-00A0C91BC942}") = "Gibbon120", "Benchmarks\Reference\Gibbon120\Gibbon120.vcxproj", "{DFF492A9-46CB-4386-8E94-AA46204D3AB9}"
EndProject
Project("{8BC9CEB8-8B4A-11D0-8D11-00A0C91BC942}") = "Hanuman80", "Benchmarks\Reference\Hanuman80\Hanuman80.vcxproj", "{7A4DF9C8-C122-4CEC-BEDB-6C996C739A1C}"
EndProject
Project("{8BC9CEB8-8B4A-11D0-8D11-00A0C91BC942}") = "Hanuman120", "Benchmarks\Reference\Hanuman120\Hanuman120.vcxproj", "{5246E250-1217-4B0F-8D29-9153153A2A77}"
EndProject
Project("{8BC9CEB8-8B4A-11D0-8D11-00A0C91BC942}") = "MixColumnsMatrixBenchmark", "Benchmarks\Other\MixColumnsMatrixBenchmark\MixColumnsMatrixBenchmark.vcxproj", "{C7A5D425-C83F-4AA0-BA3D-E9692DAF679E}"
EndProject
Project("{8BC9CEB8-8B4A-11D0-8D11-00A0C91BC942}") = "MixColumnsMatrixCalculator", "Tools\MixColumnsMatrixCalculator\MixColumnsMatrixCalculator.vcxproj", "{3AEEDD01-6FE9-4678-ABD5-1C1CF80730A4}"
EndProject
Project("{8BC9CEB8-8B4A-11D0-8D11-00A0C91BC942}") = "Ape80-BS", "Benchmarks\Bitsliced\Ape80-BS\Ape80-BS.vcxproj", "{8175FD41-D01B-486B-A588-48ADB25B4271}"
EndProject
Project("{8BC9CEB8-8B4A-11D0-8D11-00A0C91BC942}") = "Gibbon80-BS", "Benchmarks\Bitsliced\Gibbon80-BS\Gibbon80-BS.vcxproj", "{ACFC89D9-1BB7-448A-8DCB-F6A60DE2C482}"
EndProject
Project("{8BC9CEB8-8B4A-11D0-8D11-00A0C91BC942}") = "Hanuman80-BS", "Benchmarks\Bitsliced\Hanuman80-BS\Hanuman80-BS.vcxproj", "{79F84C3B-E381-4E58-962C-3C1F16187D64}"
EndProject
Project("{8BC9CEB8-8B4A-11D0-8D11-00A0C91BC942}") = "Permutation120-Ref", "Benchmarks\Other\Permutation120-Ref\Permutation-Ref.vcxproj", "{D764FEEE-2C05-4FE2-9528-53B5E42B3F85}"
EndProject
Global
	GlobalSection(SolutionConfigurationPlatforms) = preSolution
		Debug|x64 = Debug|x64
		Debug|x86 = Debug|x86
		Release|x64 = Release|x64
		Release|x86 = Release|x86
	EndGlobalSection
	GlobalSection(ProjectConfigurationPlatforms) = postSolution
		{B88F8A37-5651-4359-B285-161228D7A503}.Debug|x64.ActiveCfg = Debug|x64
		{B88F8A37-5651-4359-B285-161228D7A503}.Debug|x64.Build.0 = Debug|x64
		{B88F8A37-5651-4359-B285-161228D7A503}.Debug|x86.ActiveCfg = Debug|Win32
		{B88F8A37-5651-4359-B285-161228D7A503}.Debug|x86.Build.0 = Debug|Win32
		{B88F8A37-5651-4359-B285-161228D7A503}.Release|x64.ActiveCfg = Release|x64
		{B88F8A37-5651-4359-B285-161228D7A503}.Release|x64.Build.0 = Release|x64
		{B88F8A37-5651-4359-B285-161228D7A503}.Release|x86.ActiveCfg = Release|Win32
		{B88F8A37-5651-4359-B285-161228D7A503}.Release|x86.Build.0 = Release|Win32
		{D3BE4FF4-2C44-4F79-BDC5-E0A4910FE559}.Debug|x64.ActiveCfg = Debug|x64
		{D3BE4FF4-2C44-4F79-BDC5-E0A4910FE559}.Debug|x64.Build.0 = Debug|x64
		{D3BE4FF4-2C44-4F79-BDC5-E0A4910FE559}.Debug|x86.ActiveCfg = Debug|Win32
		{D3BE4FF4-2C44-4F79-BDC5-E0A4910FE559}.Debug|x86.Build.0 = Debug|Win32
		{D3BE4FF4-2C44-4F79-BDC5-E0A4910FE559}.Release|x64.ActiveCfg = Release|x64
		{D3BE4FF4-2C44-4F79-BDC5-E0A4910FE559}.Release|x64.Build.0 = Release|x64
		{D3BE4FF4-2C44-4F79-BDC5-E0A4910FE559}.Release|x86.ActiveCfg = Release|Win32
		{D3BE4FF4-2C44-4F79-BDC5-E0A4910FE559}.Release|x86.Build.0 = Release|Win32
		{9A87FA17-01C3-481E-BA7A-4A36E789BF5D}.Debug|x64.ActiveCfg = Debug|x64
		{9A87FA17-01C3-481E-BA7A-4A36E789BF5D}.Debug|x64.Build.0 = Debug|x64
		{9A87FA17-01C3-481E-BA7A-4A36E789BF5D}.Debug|x86.ActiveCfg = Debug|Win32
		{9A87FA17-01C3-481E-BA7A-4A36E789BF5D}.Debug|x86.Build.0 = Debug|Win32
		{9A87FA17-01C3-481E-BA7A-4A36E789BF5D}.Release|x64.ActiveCfg = Release|x64
		{9A87FA17-01C3-481E-BA7A-4A36E789BF5D}.Release|x64.Build.0 = Release|x64
		{9A87FA17-01C3-481E-BA7A-4A36E789BF5D}.Release|x86.ActiveCfg = Release|Win32
		{9A87FA17-01C3-481E-BA7A-4A36E789BF5D}.Release|x86.Build.0 = Release|Win32
		{9D2B1784-D86B-4FF7-8C9A-15BD01E26D1E}.Debug|x64.ActiveCfg = Debug|x64
		{9D2B1784-D86B-4FF7-8C9A-15BD01E26D1E}.Debug|x64.Build.0 = Debug|x64
		{9D2B1784-D86B-4FF7-8C9A-15BD01E26D1E}.Debug|x86.ActiveCfg = Debug|Win32
		{9D2B1784-D86B-4FF7-8C9A-15BD01E26D1E}.Debug|x86.Build.0 = Debug|Win32
		{9D2B1784-D86B-4FF7-8C9A-15BD01E26D1E}.Release|x64.ActiveCfg = Release|x64
		{9D2B1784-D86B-4FF7-8C9A-15BD01E26D1E}.Release|x64.Build.0 = Release|x64
		{9D2B1784-D86B-4FF7-8C9A-15BD01E26D1E}.Release|x86.ActiveCfg = Release|Win32
		{9D2B1784-D86B-4FF7-8C9A-15BD01E26D1E}.Release|x86.Build.0 = Release|Win32
		{CDE34C88-C482-4496-B65D-8C0EACE5CB76}.Debug|x64.ActiveCfg = Debug|x64
		{CDE34C88-C482-4496-B65D-8C0EACE5CB76}.Debug|x64.Build.0 = Debug|x64
		{CDE34C88-C482-4496-B65D-8C0EACE5CB76}.Debug|x86.ActiveCfg = Debug|Win32
		{CDE34C88-C482-4496-B65D-8C0EACE5CB76}.Debug|x86.Build.0 = Debug|Win32
		{CDE34C88-C482-4496-B65D-8C0EACE5CB76}.Release|x64.ActiveCfg = Release|x64
		{CDE34C88-C482-4496-B65D-8C0EACE5CB76}.Release|x64.Build.0 = Release|x64
		{CDE34C88-C482-4496-B65D-8C0EACE5CB76}.Release|x86.ActiveCfg = Release|Win32
		{CDE34C88-C482-4496-B65D-8C0EACE5CB76}.Release|x86.Build.0 = Release|Win32
		{FDF48931-F435-4095-8AB2-839D9E13AC80}.Debug|x64.ActiveCfg = Debug|x64
		{FDF48931-F435-4095-8AB2-839D9E13AC80}.Debug|x64.Build.0 = Debug|x64
		{FDF48931-F435-4095-8AB2-839D9E13AC80}.Debug|x86.ActiveCfg = Debug|Win32
		{FDF48931-F435-4095-8AB2-839D9E13AC80}.Debug|x86.Build.0 = Debug|Win32
		{FDF48931-F435-4095-8AB2-839D9E13AC80}.Release|x64.ActiveCfg = Release|x64
		{FDF48931-F435-4095-8AB2-839D9E13AC80}.Release|x64.Build.0 = Release|x64
		{FDF48931-F435-4095-8AB2-839D9E13AC80}.Release|x86.ActiveCfg = Release|Win32
		{FDF48931-F435-4095-8AB2-839D9E13AC80}.Release|x86.Build.0 = Release|Win32
		{823E4A3E-EC99-4072-B92E-03398F2AAB48}.Debug|x64.ActiveCfg = Debug|x64
		{823E4A3E-EC99-4072-B92E-03398F2AAB48}.Debug|x64.Build.0 = Debug|x64
		{823E4A3E-EC99-4072-B92E-03398F2AAB48}.Debug|x86.ActiveCfg = Debug|Win32
		{823E4A3E-EC99-4072-B92E-03398F2AAB48}.Debug|x86.Build.0 = Debug|Win32
		{823E4A3E-EC99-4072-B92E-03398F2AAB48}.Release|x64.ActiveCfg = Release|x64
		{823E4A3E-EC99-4072-B92E-03398F2AAB48}.Release|x64.Build.0 = Release|x64
		{823E4A3E-EC99-4072-B92E-03398F2AAB48}.Release|x86.ActiveCfg = Release|Win32
		{823E4A3E-EC99-4072-B92E-03398F2AAB48}.Release|x86.Build.0 = Release|Win32
		{DFF492A9-46CB-4386-8E94-AA46204D3AB9}.Debug|x64.ActiveCfg = Debug|x64
		{DFF492A9-46CB-4386-8E94-AA46204D3AB9}.Debug|x64.Build.0 = Debug|x64
		{DFF492A9-46CB-4386-8E94-AA46204D3AB9}.Debug|x86.ActiveCfg = Debug|Win32
		{DFF492A9-46CB-4386-8E94-AA46204D3AB9}.Debug|x86.Build.0 = Debug|Win32
		{DFF492A9-46CB-4386-8E94-AA46204D3AB9}.Release|x64.ActiveCfg = Release|x64
		{DFF492A9-46CB-4386-8E94-AA46204D3AB9}.Release|x64.Build.0 = Release|x64
		{DFF492A9-46CB-4386-8E94-AA46204D3AB9}.Release|x86.ActiveCfg = Release|Win32
		{DFF492A9-46CB-4386-8E94-AA46204D3AB9}.Release|x86.Build.0 = Release|Win32
		{7A4DF9C8-C122-4CEC-BEDB-6C996C739A1C}.Debug|x64.ActiveCfg = Debug|x64
		{7A4DF9C8-C122-4CEC-BEDB-6C996C739A1C}.Debug|x64.Build.0 = Debug|x64
		{7A4DF9C8-C122-4CEC-BEDB-6C996C739A1C}.Debug|x86.ActiveCfg = Debug|Win32
		{7A4DF9C8-C122-4CEC-BEDB-6C996C739A1C}.Debug|x86.Build.0 = Debug|Win32
		{7A4DF9C8-C122-4CEC-BEDB-6C996C739A1C}.Release|x64.ActiveCfg = Release|x64
		{7A4DF9C8-C122-4CEC-BEDB-6C996C739A1C}.Release|x64.Build.0 = Release|x64
		{7A4DF9C8-C122-4CEC-BEDB-6C996C739A1C}.Release|x86.ActiveCfg = Release|Win32
		{7A4DF9C8-C122-4CEC-BEDB-6C996C739A1C}.Release|x86.Build.0 = Release|Win32
		{5246E250-1217-4B0F-8D29-9153153A2A77}.Debug|x64.ActiveCfg = Debug|x64
		{5246E250-1217-4B0F-8D29-9153153A2A77}.Debug|x64.Build.0 = Debug|x64
		{5246E250-1217-4B0F-8D29-9153153A2A77}.Debug|x86.ActiveCfg = Debug|Win32
		{5246E250-1217-4B0F-8D29-9153153A2A77}.Debug|x86.Build.0 = Debug|Win32
		{5246E250-1217-4B0F-8D29-9153153A2A77}.Release|x64.ActiveCfg = Release|x64
		{5246E250-1217-4B0F-8D29-9153153A2A77}.Release|x64.Build.0 = Release|x64
		{5246E250-1217-4B0F-8D29-9153153A2A77}.Release|x86.ActiveCfg = Release|Win32
		{5246E250-1217-4B0F-8D29-9153153A2A77}.Release|x86.Build.0 = Release|Win32
		{C7A5D425-C83F-4AA0-BA3D-E9692DAF679E}.Debug|x64.ActiveCfg = Debug|x64
		{C7A5D425-C83F-4AA0-BA3D-E9692DAF679E}.Debug|x64.Build.0 = Debug|x64
		{C7A5D425-C83F-4AA0-BA3D-E9692DAF679E}.Debug|x86.ActiveCfg = Debug|Win32
		{C7A5D425-C83F-4AA0-BA3D-E9692DAF679E}.Debug|x86.Build.0 = Debug|Win32
		{C7A5D425-C83F-4AA0-BA3D-E9692DAF679E}.Release|x64.ActiveCfg = Release|x64
		{C7A5D425-C83F-4AA0-BA3D-E9692DAF679E}.Release|x64.Build.0 = Release|x64
		{C7A5D425-C83F-4AA0-BA3D-E9692DAF679E}.Release|x86.ActiveCfg = Release|Win32
		{C7A5D425-C83F-4AA0-BA3D-E9692DAF679E}.Release|x86.Build.0 = Release|Win32
		{3AEEDD01-6FE9-4678-ABD5-1C1CF80730A4}.Debug|x64.ActiveCfg = Debug|x64
		{3AEEDD01-6FE9-4678-ABD5-1C1CF80730A4}.Debug|x64.Build.0 = Debug|x64
		{3AEEDD01-6FE9-4678-ABD5-1C1CF80730A4}.Debug|x86.ActiveCfg = Debug|Win32
		{3AEEDD01-6FE9-4678-ABD5-1C1CF80730A4}.Debug|x86.Build.0 = Debug|Win32
		{3AEEDD01-6FE9-4678-ABD5-1C1CF80730A4}.Release|x64.ActiveCfg = Release|x64
		{3AEEDD01-6FE9-4678-ABD5-1C1CF80730A4}.Release|x64.Build.0 = Release|x64
		{3AEEDD01-6FE9-4678-ABD5-1C1CF80730A4}.Release|x86.ActiveCfg = Release|Win32
		{3AEEDD01-6FE9-4678-ABD5-1C1CF80730A4}.Release|x86.Build.0 = Release|Win32
		{8175FD41-D01B-486B-A588-48ADB25B4271}.Debug|x64.ActiveCfg = Debug|x64
		{8175FD41-D01B-486B-A588-48ADB25B4271}.Debug|x64.Build.0 = Debug|x64
		{8175FD41-D01B-486B-A588-48ADB25B4271}.Debug|x86.ActiveCfg = Debug|Win32
		{8175FD41-D01B-486B-A588-48ADB25B4271}.Debug|x86.Build.0 = Debug|Win32
		{8175FD41-D01B-486B-A588-48ADB25B4271}.Release|x64.ActiveCfg = Release|x64
		{8175FD41-D01B-486B-A588-48ADB25B4271}.Release|x64.Build.0 = Release|x64
		{8175FD41-D01B-486B-A588-48ADB25B4271}.Release|x86.ActiveCfg = Release|Win32
		{8175FD41-D01B-486B-A588-48ADB25B4271}.Release|x86.Build.0 = Release|Win32
		{ACFC89D9-1BB7-448A-8DCB-F6A60DE2C482}.Debug|x64.ActiveCfg = Debug|x64
		{ACFC89D9-1BB7-448A-8DCB-F6A60DE2C482}.Debug|x64.Build.0 = Debug|x64
		{ACFC89D9-1BB7-448A-8DCB-F6A60DE2C482}.Debug|x86.ActiveCfg = Debug|Win32
		{ACFC89D9-1BB7-448A-8DCB-F6A60DE2C482}.Debug|x86.Build.0 = Debug|Win32
		{ACFC89D9-1BB7-448A-8DCB-F6A60DE2C482}.Release|x64.ActiveCfg = Release|x64
		{ACFC89D9-1BB7-448A-8DCB-F6A60DE2C482}.Release|x64.Build.0 = Release|x64
		{ACFC89D9-1BB7-448A-8DCB-F6A60DE2C482}.Release|x86.ActiveCfg = Release|Win32
		{ACFC89D9-1BB7-448A-8DCB-F6A60DE2C482}.Release|x86.Build.0 = Release|Win32
		{79F84C3B-E381-4E58-962C-3C1F16187D64}.Debug|x64.ActiveCfg = Debug|x64
		{79F84C3B-E381-4E58-962C-3C1F16187D64}.Debug|x64.Build.0 = Debug|x64
		{79F84C3B-E381-4E58-962C-3C1F16187D64}.Debug|x86.ActiveCfg = Debug|Win32
		{79F84C3B-E381-4E58-962C-3C1F16187D64}.Debug|x86.Build.0 = Debug|Win32
		{79F84C3B-E381-4E58-962C-3C1F16187D64}.Release|x64.ActiveCfg = Release|x64
		{79F84C3B-E381-4E58-962C-3C1F16187D64}.Release|x64.Build.0 = Release|x64
		{79F84C3B-E381-4E58-962C-3C1F16187D64}.Release|x86.ActiveCfg = Release|Win32
		{79F84C3B-E381-4E58-962C-3C1F16187D64}.Release|x86.Build.0 = Release|Win32
		{D764FEEE-2C05-4FE2-9528-53B5E42B3F85}.Debug|x64.ActiveCfg = Debug|x64
		{D764FEEE-2C05-4FE2-9528-53B5E42B3F85}.Debug|x64.Build.0 = Debug|x64
		{D764FEEE-2C05-4FE2-9528-53B5E42B3F85}.Debug|x86.ActiveCfg = Debug|Win32
		{D764FEEE-2C05-4FE2-9528-53B5E42B3F85}.Debug|x86.Build.0 = Debug|Win32
		{D764FEEE-2C05-4FE2-9528-53B5E42B3F85}.Release|x64.ActiveCfg = Release|x64
		{D764FEEE-2C05-4FE2-9528-53B5E42B3F85}.Release|x64.Build.0 = Release|x64
		{D764FEEE-2C05-4FE2-9528-53B5E42B3F85}.Release|x86.ActiveCfg = Release|Win32
		{D764FEEE-2C05-4FE2-9528-53B5E42B3F85}.Release|x86.Build.0 = Release|Win32
	EndGlobalSection
	GlobalSection(SolutionProperties) = preSolution
		HideSolutionNode = FALSE
	EndGlobalSection
	GlobalSection(NestedProjects) = preSolution
		{E370FF96-EFDA-4EF5-9D9E-6165CF8741BE} = {CF7C6750-5983-47AE-83DD-155A2B0A7828}
		{06426189-3432-476B-98D5-38055EB164CE} = {CF7C6750-5983-47AE-83DD-155A2B0A7828}
		{FC0C28A6-EF89-41E2-88B5-1CE7144C578F} = {CF7C6750-5983-47AE-83DD-155A2B0A7828}
		{B88F8A37-5651-4359-B285-161228D7A503} = {FC0C28A6-EF89-41E2-88B5-1CE7144C578F}
		{D3BE4FF4-2C44-4F79-BDC5-E0A4910FE559} = {E370FF96-EFDA-4EF5-9D9E-6165CF8741BE}
		{9A87FA17-01C3-481E-BA7A-4A36E789BF5D} = {E370FF96-EFDA-4EF5-9D9E-6165CF8741BE}
		{9D2B1784-D86B-4FF7-8C9A-15BD01E26D1E} = {E370FF96-EFDA-4EF5-9D9E-6165CF8741BE}
		{CDE34C88-C482-4496-B65D-8C0EACE5CB76} = {06426189-3432-476B-98D5-38055EB164CE}
		{FDF48931-F435-4095-8AB2-839D9E13AC80} = {06426189-3432-476B-98D5-38055EB164CE}
		{823E4A3E-EC99-4072-B92E-03398F2AAB48} = {06426189-3432-476B-98D5-38055EB164CE}
		{DFF492A9-46CB-4386-8E94-AA46204D3AB9} = {06426189-3432-476B-98D5-38055EB164CE}
		{7A4DF9C8-C122-4CEC-BEDB-6C996C739A1C} = {06426189-3432-476B-98D5-38055EB164CE}
		{5246E250-1217-4B0F-8D29-9153153A2A77} = {06426189-3432-476B-98D5-38055EB164CE}
		{C7A5D425-C83F-4AA0-BA3D-E9692DAF679E} = {FC0C28A6-EF89-41E2-88B5-1CE7144C578F}
		{3AEEDD01-6FE9-4678-ABD5-1C1CF80730A4} = {4418CE83-6C47-426C-AFEB-28D2241E3330}
		{8175FD41-D01B-486B-A588-48ADB25B4271} = {E370FF96-EFDA-4EF5-9D9E-6165CF8741BE}
		{ACFC89D9-1BB7-448A-8DCB-F6A60DE2C482} = {E370FF96-EFDA-4EF5-9D9E-6165CF8741BE}
		{79F84C3B-E381-4E58-962C-3C1F16187D64} = {E370FF96-EFDA-4EF5-9D9E-6165CF8741BE}
		{D764FEEE-2C05-4FE2-9528-53B5E42B3F85} = {FC0C28A6-EF89-41E2-88B5-1CE7144C578F}
	EndGlobalSection
EndGlobal
