
Microsoft Visual Studio Solution File, Format Version 12.00
# Visual Studio 14
VisualStudioVersion = 14.0.25123.0
MinimumVisualStudioVersion = 10.0.40219.1
Project("{8BC9CEB8-8B4A-11D0-8D11-00A0C91BC942}") = "APE120", "APE120_Bitsliced.vcxproj", "{24106CFD-7F12-439C-90BD-D641B650BCEA}"
EndProject
Project("{8BC9CEB8-8B4A-11D0-8D11-00A0C91BC942}") = "APE120_REF_IMPL", "..\APE120_REF_IMPL\APE120_REF_IMPL.vcxproj", "{7358BCDC-3AEB-4DCE-93A4-813F2387C5FB}"
EndProject
Project("{8BC9CEB8-8B4A-11D0-8D11-00A0C91BC942}") = "Gibbon120", "..\Gibbon120\Gibbon120.vcxproj", "{39A3AA5D-6E83-4B7E-A4BD-1288B5960097}"
EndProject
Project("{8BC9CEB8-8B4A-11D0-8D11-00A0C91BC942}") = "Gibbon120_REF_IMPL", "..\Gibbon120_REF_IMPL\Gibbon120_REF_IMPL.vcxproj", "{78F721D2-6E67-48A8-A0F7-2E2DE94BF237}"
EndProject
Project("{8BC9CEB8-8B4A-11D0-8D11-00A0C91BC942}") = "Hanuman120", "..\Hanuman120\Hanuman120.vcxproj", "{B21C9DE4-40BF-40BF-8993-505847555FCD}"
EndProject
Project("{8BC9CEB8-8B4A-11D0-8D11-00A0C91BC942}") = "Hanuman120_REF_IMPL", "..\Hanuman120_REF_IMPL\Hanuman120_REF_IMPL.vcxproj", "{941E4656-0CF4-44DE-AEAB-6EA0757FB7EB}"
EndProject
Project("{8BC9CEB8-8B4A-11D0-8D11-00A0C91BC942}") = "PRIMATEs_MCMatrices", "..\PRIMATEs_MCMatrices\PRIMATEs_MCMatrices.vcxproj", "{9EE827B2-F7B7-42A0-98D5-16384B25B8D0}"
EndProject
Project("{8BC9CEB8-8B4A-11D0-8D11-00A0C91BC942}") = "MixColBenchmark", "MixColBenchmark\MixColBenchmark.vcxproj", "{2724A0D4-AE17-47F8-A6DA-BACC0977A73B}"
EndProject
Project("{8BC9CEB8-8B4A-11D0-8D11-00A0C91BC942}") = "PRIMATEs120_permutations_only", "..\PRIMATEs120_permutations_only\PRIMATEs120_permutations_only.vcxproj", "{5659C424-0ADB-432E-BF81-B28832370F79}"
EndProject
Project("{8BC9CEB8-8B4A-11D0-8D11-00A0C91BC942}") = "PRIMATEs120_nonbitsliced_permutations_only", "..\PRIMATEs120_nonbitsliced_permutations_only\PRIMATEs120_nonbitsliced_permutations_only.vcxproj", "{DE5AE537-73EC-450A-9DB5-CB2A01297F62}"
EndProject
Global
	GlobalSection(SolutionConfigurationPlatforms) = preSolution
		Debug|x64 = Debug|x64
		Debug|x86 = Debug|x86
		grr|x64 = grr|x64
		grr|x86 = grr|x86
		Release|x64 = Release|x64
		Release|x86 = Release|x86
	EndGlobalSection
	GlobalSection(ProjectConfigurationPlatforms) = postSolution
		{24106CFD-7F12-439C-90BD-D641B650BCEA}.Debug|x64.ActiveCfg = Debug|x64
		{24106CFD-7F12-439C-90BD-D641B650BCEA}.Debug|x64.Build.0 = Debug|x64
		{24106CFD-7F12-439C-90BD-D641B650BCEA}.Debug|x86.ActiveCfg = Debug|Win32
		{24106CFD-7F12-439C-90BD-D641B650BCEA}.Debug|x86.Build.0 = Debug|Win32
		{24106CFD-7F12-439C-90BD-D641B650BCEA}.grr|x64.ActiveCfg = grr|x64
		{24106CFD-7F12-439C-90BD-D641B650BCEA}.grr|x64.Build.0 = grr|x64
		{24106CFD-7F12-439C-90BD-D641B650BCEA}.grr|x86.ActiveCfg = grr|Win32
		{24106CFD-7F12-439C-90BD-D641B650BCEA}.grr|x86.Build.0 = grr|Win32
		{24106CFD-7F12-439C-90BD-D641B650BCEA}.Release|x64.ActiveCfg = Release|x64
		{24106CFD-7F12-439C-90BD-D641B650BCEA}.Release|x64.Build.0 = Release|x64
		{24106CFD-7F12-439C-90BD-D641B650BCEA}.Release|x86.ActiveCfg = Release|Win32
		{24106CFD-7F12-439C-90BD-D641B650BCEA}.Release|x86.Build.0 = Release|Win32
		{7358BCDC-3AEB-4DCE-93A4-813F2387C5FB}.Debug|x64.ActiveCfg = Debug|x64
		{7358BCDC-3AEB-4DCE-93A4-813F2387C5FB}.Debug|x64.Build.0 = Debug|x64
		{7358BCDC-3AEB-4DCE-93A4-813F2387C5FB}.Debug|x86.ActiveCfg = Debug|Win32
		{7358BCDC-3AEB-4DCE-93A4-813F2387C5FB}.Debug|x86.Build.0 = Debug|Win32
		{7358BCDC-3AEB-4DCE-93A4-813F2387C5FB}.grr|x64.ActiveCfg = grr|x64
		{7358BCDC-3AEB-4DCE-93A4-813F2387C5FB}.grr|x64.Build.0 = grr|x64
		{7358BCDC-3AEB-4DCE-93A4-813F2387C5FB}.grr|x86.ActiveCfg = grr|Win32
		{7358BCDC-3AEB-4DCE-93A4-813F2387C5FB}.grr|x86.Build.0 = grr|Win32
		{7358BCDC-3AEB-4DCE-93A4-813F2387C5FB}.Release|x64.ActiveCfg = Release|x64
		{7358BCDC-3AEB-4DCE-93A4-813F2387C5FB}.Release|x64.Build.0 = Release|x64
		{7358BCDC-3AEB-4DCE-93A4-813F2387C5FB}.Release|x86.ActiveCfg = Release|Win32
		{7358BCDC-3AEB-4DCE-93A4-813F2387C5FB}.Release|x86.Build.0 = Release|Win32
		{39A3AA5D-6E83-4B7E-A4BD-1288B5960097}.Debug|x64.ActiveCfg = Debug|x64
		{39A3AA5D-6E83-4B7E-A4BD-1288B5960097}.Debug|x64.Build.0 = Debug|x64
		{39A3AA5D-6E83-4B7E-A4BD-1288B5960097}.Debug|x86.ActiveCfg = Debug|Win32
		{39A3AA5D-6E83-4B7E-A4BD-1288B5960097}.Debug|x86.Build.0 = Debug|Win32
		{39A3AA5D-6E83-4B7E-A4BD-1288B5960097}.grr|x64.ActiveCfg = grr|x64
		{39A3AA5D-6E83-4B7E-A4BD-1288B5960097}.grr|x64.Build.0 = grr|x64
		{39A3AA5D-6E83-4B7E-A4BD-1288B5960097}.grr|x86.ActiveCfg = grr|Win32
		{39A3AA5D-6E83-4B7E-A4BD-1288B5960097}.grr|x86.Build.0 = grr|Win32
		{39A3AA5D-6E83-4B7E-A4BD-1288B5960097}.Release|x64.ActiveCfg = Release|x64
		{39A3AA5D-6E83-4B7E-A4BD-1288B5960097}.Release|x64.Build.0 = Release|x64
		{39A3AA5D-6E83-4B7E-A4BD-1288B5960097}.Release|x86.ActiveCfg = Release|Win32
		{39A3AA5D-6E83-4B7E-A4BD-1288B5960097}.Release|x86.Build.0 = Release|Win32
		{78F721D2-6E67-48A8-A0F7-2E2DE94BF237}.Debug|x64.ActiveCfg = Debug|x64
		{78F721D2-6E67-48A8-A0F7-2E2DE94BF237}.Debug|x64.Build.0 = Debug|x64
		{78F721D2-6E67-48A8-A0F7-2E2DE94BF237}.Debug|x86.ActiveCfg = Debug|Win32
		{78F721D2-6E67-48A8-A0F7-2E2DE94BF237}.Debug|x86.Build.0 = Debug|Win32
		{78F721D2-6E67-48A8-A0F7-2E2DE94BF237}.grr|x64.ActiveCfg = grr|x64
		{78F721D2-6E67-48A8-A0F7-2E2DE94BF237}.grr|x64.Build.0 = grr|x64
		{78F721D2-6E67-48A8-A0F7-2E2DE94BF237}.grr|x86.ActiveCfg = grr|Win32
		{78F721D2-6E67-48A8-A0F7-2E2DE94BF237}.grr|x86.Build.0 = grr|Win32
		{78F721D2-6E67-48A8-A0F7-2E2DE94BF237}.Release|x64.ActiveCfg = Release|x64
		{78F721D2-6E67-48A8-A0F7-2E2DE94BF237}.Release|x64.Build.0 = Release|x64
		{78F721D2-6E67-48A8-A0F7-2E2DE94BF237}.Release|x86.ActiveCfg = Release|Win32
		{78F721D2-6E67-48A8-A0F7-2E2DE94BF237}.Release|x86.Build.0 = Release|Win32
		{B21C9DE4-40BF-40BF-8993-505847555FCD}.Debug|x64.ActiveCfg = Debug|x64
		{B21C9DE4-40BF-40BF-8993-505847555FCD}.Debug|x64.Build.0 = Debug|x64
		{B21C9DE4-40BF-40BF-8993-505847555FCD}.Debug|x86.ActiveCfg = Debug|Win32
		{B21C9DE4-40BF-40BF-8993-505847555FCD}.Debug|x86.Build.0 = Debug|Win32
		{B21C9DE4-40BF-40BF-8993-505847555FCD}.grr|x64.ActiveCfg = Release|x64
		{B21C9DE4-40BF-40BF-8993-505847555FCD}.grr|x64.Build.0 = Release|x64
		{B21C9DE4-40BF-40BF-8993-505847555FCD}.grr|x86.ActiveCfg = Release|Win32
		{B21C9DE4-40BF-40BF-8993-505847555FCD}.grr|x86.Build.0 = Release|Win32
		{B21C9DE4-40BF-40BF-8993-505847555FCD}.Release|x64.ActiveCfg = Release|x64
		{B21C9DE4-40BF-40BF-8993-505847555FCD}.Release|x64.Build.0 = Release|x64
		{B21C9DE4-40BF-40BF-8993-505847555FCD}.Release|x86.ActiveCfg = Release|Win32
		{B21C9DE4-40BF-40BF-8993-505847555FCD}.Release|x86.Build.0 = Release|Win32
		{941E4656-0CF4-44DE-AEAB-6EA0757FB7EB}.Debug|x64.ActiveCfg = Debug|x64
		{941E4656-0CF4-44DE-AEAB-6EA0757FB7EB}.Debug|x64.Build.0 = Debug|x64
		{941E4656-0CF4-44DE-AEAB-6EA0757FB7EB}.Debug|x86.ActiveCfg = Debug|Win32
		{941E4656-0CF4-44DE-AEAB-6EA0757FB7EB}.Debug|x86.Build.0 = Debug|Win32
		{941E4656-0CF4-44DE-AEAB-6EA0757FB7EB}.grr|x64.ActiveCfg = Release|x64
		{941E4656-0CF4-44DE-AEAB-6EA0757FB7EB}.grr|x64.Build.0 = Release|x64
		{941E4656-0CF4-44DE-AEAB-6EA0757FB7EB}.grr|x86.ActiveCfg = Release|Win32
		{941E4656-0CF4-44DE-AEAB-6EA0757FB7EB}.grr|x86.Build.0 = Release|Win32
		{941E4656-0CF4-44DE-AEAB-6EA0757FB7EB}.Release|x64.ActiveCfg = Release|x64
		{941E4656-0CF4-44DE-AEAB-6EA0757FB7EB}.Release|x64.Build.0 = Release|x64
		{941E4656-0CF4-44DE-AEAB-6EA0757FB7EB}.Release|x86.ActiveCfg = Release|Win32
		{941E4656-0CF4-44DE-AEAB-6EA0757FB7EB}.Release|x86.Build.0 = Release|Win32
		{9EE827B2-F7B7-42A0-98D5-16384B25B8D0}.Debug|x64.ActiveCfg = Debug|x64
		{9EE827B2-F7B7-42A0-98D5-16384B25B8D0}.Debug|x64.Build.0 = Debug|x64
		{9EE827B2-F7B7-42A0-98D5-16384B25B8D0}.Debug|x86.ActiveCfg = Debug|Win32
		{9EE827B2-F7B7-42A0-98D5-16384B25B8D0}.Debug|x86.Build.0 = Debug|Win32
		{9EE827B2-F7B7-42A0-98D5-16384B25B8D0}.grr|x64.ActiveCfg = Release|x64
		{9EE827B2-F7B7-42A0-98D5-16384B25B8D0}.grr|x64.Build.0 = Release|x64
		{9EE827B2-F7B7-42A0-98D5-16384B25B8D0}.grr|x86.ActiveCfg = Release|Win32
		{9EE827B2-F7B7-42A0-98D5-16384B25B8D0}.grr|x86.Build.0 = Release|Win32
		{9EE827B2-F7B7-42A0-98D5-16384B25B8D0}.Release|x64.ActiveCfg = Release|x64
		{9EE827B2-F7B7-42A0-98D5-16384B25B8D0}.Release|x64.Build.0 = Release|x64
		{9EE827B2-F7B7-42A0-98D5-16384B25B8D0}.Release|x86.ActiveCfg = Release|Win32
		{9EE827B2-F7B7-42A0-98D5-16384B25B8D0}.Release|x86.Build.0 = Release|Win32
		{2724A0D4-AE17-47F8-A6DA-BACC0977A73B}.Debug|x64.ActiveCfg = Debug|x64
		{2724A0D4-AE17-47F8-A6DA-BACC0977A73B}.Debug|x64.Build.0 = Debug|x64
		{2724A0D4-AE17-47F8-A6DA-BACC0977A73B}.Debug|x86.ActiveCfg = Debug|Win32
		{2724A0D4-AE17-47F8-A6DA-BACC0977A73B}.Debug|x86.Build.0 = Debug|Win32
		{2724A0D4-AE17-47F8-A6DA-BACC0977A73B}.grr|x64.ActiveCfg = Release|x64
		{2724A0D4-AE17-47F8-A6DA-BACC0977A73B}.grr|x64.Build.0 = Release|x64
		{2724A0D4-AE17-47F8-A6DA-BACC0977A73B}.grr|x86.ActiveCfg = Release|Win32
		{2724A0D4-AE17-47F8-A6DA-BACC0977A73B}.grr|x86.Build.0 = Release|Win32
		{2724A0D4-AE17-47F8-A6DA-BACC0977A73B}.Release|x64.ActiveCfg = Release|x64
		{2724A0D4-AE17-47F8-A6DA-BACC0977A73B}.Release|x64.Build.0 = Release|x64
		{2724A0D4-AE17-47F8-A6DA-BACC0977A73B}.Release|x86.ActiveCfg = Release|Win32
		{2724A0D4-AE17-47F8-A6DA-BACC0977A73B}.Release|x86.Build.0 = Release|Win32
		{5659C424-0ADB-432E-BF81-B28832370F79}.Debug|x64.ActiveCfg = Debug|x64
		{5659C424-0ADB-432E-BF81-B28832370F79}.Debug|x64.Build.0 = Debug|x64
		{5659C424-0ADB-432E-BF81-B28832370F79}.Debug|x86.ActiveCfg = Debug|Win32
		{5659C424-0ADB-432E-BF81-B28832370F79}.Debug|x86.Build.0 = Debug|Win32
		{5659C424-0ADB-432E-BF81-B28832370F79}.grr|x64.ActiveCfg = Release|x64
		{5659C424-0ADB-432E-BF81-B28832370F79}.grr|x64.Build.0 = Release|x64
		{5659C424-0ADB-432E-BF81-B28832370F79}.grr|x86.ActiveCfg = Release|Win32
		{5659C424-0ADB-432E-BF81-B28832370F79}.grr|x86.Build.0 = Release|Win32
		{5659C424-0ADB-432E-BF81-B28832370F79}.Release|x64.ActiveCfg = Release|x64
		{5659C424-0ADB-432E-BF81-B28832370F79}.Release|x64.Build.0 = Release|x64
		{5659C424-0ADB-432E-BF81-B28832370F79}.Release|x86.ActiveCfg = Release|Win32
		{5659C424-0ADB-432E-BF81-B28832370F79}.Release|x86.Build.0 = Release|Win32
		{DE5AE537-73EC-450A-9DB5-CB2A01297F62}.Debug|x64.ActiveCfg = Debug|x64
		{DE5AE537-73EC-450A-9DB5-CB2A01297F62}.Debug|x64.Build.0 = Debug|x64
		{DE5AE537-73EC-450A-9DB5-CB2A01297F62}.Debug|x86.ActiveCfg = Debug|Win32
		{DE5AE537-73EC-450A-9DB5-CB2A01297F62}.Debug|x86.Build.0 = Debug|Win32
		{DE5AE537-73EC-450A-9DB5-CB2A01297F62}.grr|x64.ActiveCfg = Release|x64
		{DE5AE537-73EC-450A-9DB5-CB2A01297F62}.grr|x64.Build.0 = Release|x64
		{DE5AE537-73EC-450A-9DB5-CB2A01297F62}.grr|x86.ActiveCfg = Release|Win32
		{DE5AE537-73EC-450A-9DB5-CB2A01297F62}.grr|x86.Build.0 = Release|Win32
		{DE5AE537-73EC-450A-9DB5-CB2A01297F62}.Release|x64.ActiveCfg = Release|x64
		{DE5AE537-73EC-450A-9DB5-CB2A01297F62}.Release|x64.Build.0 = Release|x64
		{DE5AE537-73EC-450A-9DB5-CB2A01297F62}.Release|x86.ActiveCfg = Release|Win32
		{DE5AE537-73EC-450A-9DB5-CB2A01297F62}.Release|x86.Build.0 = Release|Win32
	EndGlobalSection
	GlobalSection(SolutionProperties) = preSolution
		HideSolutionNode = FALSE
	EndGlobalSection
EndGlobal
