
Microsoft Visual Studio Solution File, Format Version 12.00
# Visual Studio 14
VisualStudioVersion = 14.0.25123.0
MinimumVisualStudioVersion = 10.0.40219.1
Project("{8BC9CEB8-8B4A-11D0-8D11-00A0C91BC942}") = "APE120_Bitsliced", "APE120_Bitsliced.vcxproj", "{24106CFD-7F12-439C-90BD-D641B650BCEA}"
EndProject
Project("{8BC9CEB8-8B4A-11D0-8D11-00A0C91BC942}") = "APE120_REF_IMPL", "..\APE120_REF_IMPL\APE120_REF_IMPL.vcxproj", "{7358BCDC-3AEB-4DCE-93A4-813F2387C5FB}"
EndProject
Project("{8BC9CEB8-8B4A-11D0-8D11-00A0C91BC942}") = "GrostlAVX", "..\GrostlAVX\GrostlAVX.vcxproj", "{6CF469FC-1FF4-4463-BFC8-ACA9A27BC962}"
EndProject
Global
	GlobalSection(SolutionConfigurationPlatforms) = preSolution
		Debug|x64 = Debug|x64
		Debug|x86 = Debug|x86
		Release|x64 = Release|x64
		Release|x86 = Release|x86
	EndGlobalSection
	GlobalSection(ProjectConfigurationPlatforms) = postSolution
		{24106CFD-7F12-439C-90BD-D641B650BCEA}.Debug|x64.ActiveCfg = Debug|x64
		{24106CFD-7F12-439C-90BD-D641B650BCEA}.Debug|x64.Build.0 = Debug|x64
		{24106CFD-7F12-439C-90BD-D641B650BCEA}.Debug|x86.ActiveCfg = Debug|Win32
		{24106CFD-7F12-439C-90BD-D641B650BCEA}.Debug|x86.Build.0 = Debug|Win32
		{24106CFD-7F12-439C-90BD-D641B650BCEA}.Release|x64.ActiveCfg = Release|x64
		{24106CFD-7F12-439C-90BD-D641B650BCEA}.Release|x64.Build.0 = Release|x64
		{24106CFD-7F12-439C-90BD-D641B650BCEA}.Release|x86.ActiveCfg = Release|Win32
		{24106CFD-7F12-439C-90BD-D641B650BCEA}.Release|x86.Build.0 = Release|Win32
		{7358BCDC-3AEB-4DCE-93A4-813F2387C5FB}.Debug|x64.ActiveCfg = Debug|x64
		{7358BCDC-3AEB-4DCE-93A4-813F2387C5FB}.Debug|x64.Build.0 = Debug|x64
		{7358BCDC-3AEB-4DCE-93A4-813F2387C5FB}.Debug|x86.ActiveCfg = Debug|Win32
		{7358BCDC-3AEB-4DCE-93A4-813F2387C5FB}.Debug|x86.Build.0 = Debug|Win32
		{7358BCDC-3AEB-4DCE-93A4-813F2387C5FB}.Release|x64.ActiveCfg = Release|x64
		{7358BCDC-3AEB-4DCE-93A4-813F2387C5FB}.Release|x64.Build.0 = Release|x64
		{7358BCDC-3AEB-4DCE-93A4-813F2387C5FB}.Release|x86.ActiveCfg = Release|Win32
		{7358BCDC-3AEB-4DCE-93A4-813F2387C5FB}.Release|x86.Build.0 = Release|Win32
		{6CF469FC-1FF4-4463-BFC8-ACA9A27BC962}.Debug|x64.ActiveCfg = Debug|x64
		{6CF469FC-1FF4-4463-BFC8-ACA9A27BC962}.Debug|x64.Build.0 = Debug|x64
		{6CF469FC-1FF4-4463-BFC8-ACA9A27BC962}.Debug|x86.ActiveCfg = Debug|Win32
		{6CF469FC-1FF4-4463-BFC8-ACA9A27BC962}.Debug|x86.Build.0 = Debug|Win32
		{6CF469FC-1FF4-4463-BFC8-ACA9A27BC962}.Release|x64.ActiveCfg = Release|x64
		{6CF469FC-1FF4-4463-BFC8-ACA9A27BC962}.Release|x64.Build.0 = Release|x64
		{6CF469FC-1FF4-4463-BFC8-ACA9A27BC962}.Release|x86.ActiveCfg = Release|Win32
		{6CF469FC-1FF4-4463-BFC8-ACA9A27BC962}.Release|x86.Build.0 = Release|Win32
	EndGlobalSection
	GlobalSection(SolutionProperties) = preSolution
		HideSolutionNode = FALSE
	EndGlobalSection
EndGlobal
